
Microsoft Visual Studio Solution File, Format Version 12.00
# Visual Studio Version 17
VisualStudioVersion = 17.5.002.0
MinimumVisualStudioVersion = 10.0.40219.1
Project("{9A19103F-16F7-4668-BE54-9A1E7A4F7556}") = "Avalonia.DeskApp", "Avalonia.DeskApp.csproj", "{DD222B8C-2601-41D9-A127-77C2FB4E5304}"
EndProject
Global
	GlobalSection(SolutionConfigurationPlatforms) = preSolution
		Debug|Any CPU = Debug|Any CPU
		Release|Any CPU = Release|Any CPU
	EndGlobalSection
	GlobalSection(ProjectConfigurationPlatforms) = postSolution
		{DD222B8C-2601-41D9-A127-77C2FB4E5304}.Debug|Any CPU.ActiveCfg = Debug|Any CPU
		{DD222B8C-2601-41D9-A127-77C2FB4E5304}.Debug|Any CPU.Build.0 = Debug|Any CPU
		{DD222B8C-2601-41D9-A127-77C2FB4E5304}.Release|Any CPU.ActiveCfg = Release|Any CPU
		{DD222B8C-2601-41D9-A127-77C2FB4E5304}.Release|Any CPU.Build.0 = Release|Any CPU
	EndGlobalSection
	GlobalSection(SolutionProperties) = preSolution
		HideSolutionNode = FALSE
	EndGlobalSection
	GlobalSection(ExtensibilityGlobals) = postSolution
		SolutionGuid = {242020E3-8720-4FBF-B195-89C8B5EB1045}
	EndGlobalSection
EndGlobal
